
Microsoft Visual Studio Solution File, Format Version 12.00
# Visual Studio Version 17
VisualStudioVersion = 17.4.33213.308
MinimumVisualStudioVersion = 10.0.40219.1
Project("{9A19103F-16F7-4668-BE54-9A1E7A4F7556}") = "TCP-server", "TCP-connected\TCP-server.csproj", "{74EBC8F1-0BA3-4F38-A353-4CDB0FBEDB6B}"
EndProject
Global
	GlobalSection(SolutionConfigurationPlatforms) = preSolution
		Debug|Any CPU = Debug|Any CPU
		Release|Any CPU = Release|Any CPU
	EndGlobalSection
	GlobalSection(ProjectConfigurationPlatforms) = postSolution
		{74EBC8F1-0BA3-4F38-A353-4CDB0FBEDB6B}.Debug|Any CPU.ActiveCfg = Debug|Any CPU
		{74EBC8F1-0BA3-4F38-A353-4CDB0FBEDB6B}.Debug|Any CPU.Build.0 = Debug|Any CPU
		{74EBC8F1-0BA3-4F38-A353-4CDB0FBEDB6B}.Release|Any CPU.ActiveCfg = Release|Any CPU
		{74EBC8F1-0BA3-4F38-A353-4CDB0FBEDB6B}.Release|Any CPU.Build.0 = Release|Any CPU
	EndGlobalSection
	GlobalSection(SolutionProperties) = preSolution
		HideSolutionNode = FALSE
	EndGlobalSection
	GlobalSection(ExtensibilityGlobals) = postSolution
		SolutionGuid = {96BF59BD-27A7-4AF8-B022-73977C9337AE}
	EndGlobalSection
EndGlobal
